// !$*UTF8*$!
{
	archiveVersion = 1;
	classes = {
	};
	objectVersion = 46;
	objects = {

/* Begin PBXBuildFile section */
		480415551DF5E552002D6422 /* profileTabViewViewController.m in Sources */ = {isa = PBXBuildFile; fileRef = 480415541DF5E552002D6422 /* profileTabViewViewController.m */; };
		480415571DFCCA60002D6422 /* AudioToolbox.framework in Frameworks */ = {isa = PBXBuildFile; fileRef = 480415561DFCCA60002D6422 /* AudioToolbox.framework */; };
		4823E16D1DAFF47400C1BDEA /* FirstTabView.m in Sources */ = {isa = PBXBuildFile; fileRef = 4823E16C1DAFF47400C1BDEA /* FirstTabView.m */; };
		4823E17C1DB0504800C1BDEA /* profileBtnSegue.m in Sources */ = {isa = PBXBuildFile; fileRef = 4823E17B1DB0504800C1BDEA /* profileBtnSegue.m */; };
		4823E1801DB3ED7F00C1BDEA /* CheckConnections.m in Sources */ = {isa = PBXBuildFile; fileRef = 4823E17F1DB3ED7F00C1BDEA /* CheckConnections.m */; };
		4823E1831DB3F34A00C1BDEA /* SystemConfiguration.framework in Frameworks */ = {isa = PBXBuildFile; fileRef = 4823E1821DB3F34A00C1BDEA /* SystemConfiguration.framework */; };
		4823E1891DB45A2400C1BDEA /* Reachability.m in Sources */ = {isa = PBXBuildFile; fileRef = 4823E1881DB45A2400C1BDEA /* Reachability.m */; };
		4823E18C1DB54E0600C1BDEA /* ViewControllerCustomSegue.m in Sources */ = {isa = PBXBuildFile; fileRef = 4823E18B1DB54E0600C1BDEA /* ViewControllerCustomSegue.m */; };
		4823E18E1DB572A100C1BDEA /* AVKit.framework in Frameworks */ = {isa = PBXBuildFile; fileRef = 4823E18D1DB572A100C1BDEA /* AVKit.framework */; };
		4823E1901DB66E9B00C1BDEA /* CoreLocation.framework in Frameworks */ = {isa = PBXBuildFile; fileRef = 4823E18F1DB66E9B00C1BDEA /* CoreLocation.framework */; };
		48480F601DE20F0F00887C56 /* firstTabScroll.m in Sources */ = {isa = PBXBuildFile; fileRef = 48480F5F1DE20F0F00887C56 /* firstTabScroll.m */; };
		485C6C5F1E914F1E00349D31 /* GoogleService-Info.plist in Resources */ = {isa = PBXBuildFile; fileRef = 485C6C5E1E914F1E00349D31 /* GoogleService-Info.plist */; };
		48718F701E968F710077A4D2 /* connectFirebase.m in Sources */ = {isa = PBXBuildFile; fileRef = 48718F6F1E968F710077A4D2 /* connectFirebase.m */; };
		4874777D1DDB840100C16154 /* peopleBtnSegue.m in Sources */ = {isa = PBXBuildFile; fileRef = 4874777C1DDB840100C16154 /* peopleBtnSegue.m */; };
		488054E61DBAAA99007B0C0D /* mainTabController.m in Sources */ = {isa = PBXBuildFile; fileRef = 488054E51DBAAA99007B0C0D /* mainTabController.m */; };
		48A8DE331E020B210067EC8A /* AsyncImageView.m in Sources */ = {isa = PBXBuildFile; fileRef = 48A8DE321E020B210067EC8A /* AsyncImageView.m */; };
		48AF4F271DEE58A500263F06 /* Person.m in Sources */ = {isa = PBXBuildFile; fileRef = 48AF4F261DEE58A500263F06 /* Person.m */; };
		48D2F66B1DA887FA00224A03 /* main.m in Sources */ = {isa = PBXBuildFile; fileRef = 48D2F66A1DA887FA00224A03 /* main.m */; };
		48D2F66E1DA887FA00224A03 /* AppDelegate.m in Sources */ = {isa = PBXBuildFile; fileRef = 48D2F66D1DA887FA00224A03 /* AppDelegate.m */; };
		48D2F6711DA887FA00224A03 /* ViewController.m in Sources */ = {isa = PBXBuildFile; fileRef = 48D2F6701DA887FA00224A03 /* ViewController.m */; };
		48D2F6741DA887FA00224A03 /* Main.storyboard in Resources */ = {isa = PBXBuildFile; fileRef = 48D2F6721DA887FA00224A03 /* Main.storyboard */; };
		48D2F6761DA887FA00224A03 /* Assets.xcassets in Resources */ = {isa = PBXBuildFile; fileRef = 48D2F6751DA887FA00224A03 /* Assets.xcassets */; };
		48D2F6791DA887FA00224A03 /* LaunchScreen.storyboard in Resources */ = {isa = PBXBuildFile; fileRef = 48D2F6771DA887FA00224A03 /* LaunchScreen.storyboard */; };
		D9147A1F872E1FA060446C8A /* Pods_jah_v2.framework in Frameworks */ = {isa = PBXBuildFile; fileRef = B6CD834FF76A72E432309573 /* Pods_jah_v2.framework */; };
/* End PBXBuildFile section */

/* Begin PBXFileReference section */
		1D913EACE6B477EFC9F4E97D /* Pods-jah v2.release.xcconfig */ = {isa = PBXFileReference; includeInIndex = 1; lastKnownFileType = text.xcconfig; name = "Pods-jah v2.release.xcconfig"; path = "Pods/Target Support Files/Pods-jah v2/Pods-jah v2.release.xcconfig"; sourceTree = "<group>"; };
		480415531DF5E552002D6422 /* profileTabViewViewController.h */ = {isa = PBXFileReference; fileEncoding = 4; lastKnownFileType = sourcecode.c.h; path = profileTabViewViewController.h; sourceTree = "<group>"; };
		480415541DF5E552002D6422 /* profileTabViewViewController.m */ = {isa = PBXFileReference; fileEncoding = 4; lastKnownFileType = sourcecode.c.objc; path = profileTabViewViewController.m; sourceTree = "<group>"; xcLanguageSpecificationIdentifier = xcode.lang.objc; };
		480415561DFCCA60002D6422 /* AudioToolbox.framework */ = {isa = PBXFileReference; lastKnownFileType = wrapper.framework; name = AudioToolbox.framework; path = System/Library/Frameworks/AudioToolbox.framework; sourceTree = SDKROOT; };
		4823E16B1DAFF47400C1BDEA /* FirstTabView.h */ = {isa = PBXFileReference; fileEncoding = 4; lastKnownFileType = sourcecode.c.h; path = FirstTabView.h; sourceTree = "<group>"; };
		4823E16C1DAFF47400C1BDEA /* FirstTabView.m */ = {isa = PBXFileReference; fileEncoding = 4; lastKnownFileType = sourcecode.c.objc; path = FirstTabView.m; sourceTree = "<group>"; };
		4823E17A1DB0504800C1BDEA /* profileBtnSegue.h */ = {isa = PBXFileReference; fileEncoding = 4; lastKnownFileType = sourcecode.c.h; path = profileBtnSegue.h; sourceTree = "<group>"; };
		4823E17B1DB0504800C1BDEA /* profileBtnSegue.m */ = {isa = PBXFileReference; fileEncoding = 4; lastKnownFileType = sourcecode.c.objc; path = profileBtnSegue.m; sourceTree = "<group>"; };
		4823E17F1DB3ED7F00C1BDEA /* CheckConnections.m */ = {isa = PBXFileReference; fileEncoding = 4; lastKnownFileType = sourcecode.c.objc; path = CheckConnections.m; sourceTree = "<group>"; };
		4823E1811DB3ED8E00C1BDEA /* CheckConnections.h */ = {isa = PBXFileReference; lastKnownFileType = sourcecode.c.h; path = CheckConnections.h; sourceTree = "<group>"; };
		4823E1821DB3F34A00C1BDEA /* SystemConfiguration.framework */ = {isa = PBXFileReference; lastKnownFileType = wrapper.framework; name = SystemConfiguration.framework; path = System/Library/Frameworks/SystemConfiguration.framework; sourceTree = SDKROOT; };
		4823E1871DB45A2400C1BDEA /* Reachability.h */ = {isa = PBXFileReference; fileEncoding = 4; lastKnownFileType = sourcecode.c.h; path = Reachability.h; sourceTree = "<group>"; };
		4823E1881DB45A2400C1BDEA /* Reachability.m */ = {isa = PBXFileReference; fileEncoding = 4; lastKnownFileType = sourcecode.c.objc; path = Reachability.m; sourceTree = "<group>"; };
		4823E18A1DB54E0600C1BDEA /* ViewControllerCustomSegue.h */ = {isa = PBXFileReference; fileEncoding = 4; lastKnownFileType = sourcecode.c.h; path = ViewControllerCustomSegue.h; sourceTree = "<group>"; };
		4823E18B1DB54E0600C1BDEA /* ViewControllerCustomSegue.m */ = {isa = PBXFileReference; fileEncoding = 4; lastKnownFileType = sourcecode.c.objc; path = ViewControllerCustomSegue.m; sourceTree = "<group>"; };
		4823E18D1DB572A100C1BDEA /* AVKit.framework */ = {isa = PBXFileReference; lastKnownFileType = wrapper.framework; name = AVKit.framework; path = System/Library/Frameworks/AVKit.framework; sourceTree = SDKROOT; };
		4823E18F1DB66E9B00C1BDEA /* CoreLocation.framework */ = {isa = PBXFileReference; lastKnownFileType = wrapper.framework; name = CoreLocation.framework; path = System/Library/Frameworks/CoreLocation.framework; sourceTree = SDKROOT; };
		4844E3951DC65E2000A70224 /* jah v2-Bridging-Header.h */ = {isa = PBXFileReference; lastKnownFileType = sourcecode.c.h; path = "jah v2-Bridging-Header.h"; sourceTree = "<group>"; };
		48480F5E1DE20F0F00887C56 /* firstTabScroll.h */ = {isa = PBXFileReference; fileEncoding = 4; lastKnownFileType = sourcecode.c.h; path = firstTabScroll.h; sourceTree = "<group>"; };
		48480F5F1DE20F0F00887C56 /* firstTabScroll.m */ = {isa = PBXFileReference; fileEncoding = 4; lastKnownFileType = sourcecode.c.objc; path = firstTabScroll.m; sourceTree = "<group>"; };
		485C6C5E1E914F1E00349D31 /* GoogleService-Info.plist */ = {isa = PBXFileReference; fileEncoding = 4; lastKnownFileType = text.plist.xml; path = "GoogleService-Info.plist"; sourceTree = "<group>"; };
		48718F6F1E968F710077A4D2 /* connectFirebase.m */ = {isa = PBXFileReference; fileEncoding = 4; lastKnownFileType = sourcecode.c.objc; path = connectFirebase.m; sourceTree = "<group>"; };
		48718F711E968F8C0077A4D2 /* connectFirebase.h */ = {isa = PBXFileReference; lastKnownFileType = sourcecode.c.h; path = connectFirebase.h; sourceTree = "<group>"; };
		4874777B1DDB840100C16154 /* peopleBtnSegue.h */ = {isa = PBXFileReference; fileEncoding = 4; lastKnownFileType = sourcecode.c.h; path = peopleBtnSegue.h; sourceTree = "<group>"; };
		4874777C1DDB840100C16154 /* peopleBtnSegue.m */ = {isa = PBXFileReference; fileEncoding = 4; lastKnownFileType = sourcecode.c.objc; path = peopleBtnSegue.m; sourceTree = "<group>"; };
		488054E41DBAAA99007B0C0D /* mainTabController.h */ = {isa = PBXFileReference; fileEncoding = 4; lastKnownFileType = sourcecode.c.h; path = mainTabController.h; sourceTree = "<group>"; };
		488054E51DBAAA99007B0C0D /* mainTabController.m */ = {isa = PBXFileReference; fileEncoding = 4; lastKnownFileType = sourcecode.c.objc; path = mainTabController.m; sourceTree = "<group>"; };
		48A8DE311E020B210067EC8A /* AsyncImageView.h */ = {isa = PBXFileReference; fileEncoding = 4; lastKnownFileType = sourcecode.c.h; path = AsyncImageView.h; sourceTree = "<group>"; };
		48A8DE321E020B210067EC8A /* AsyncImageView.m */ = {isa = PBXFileReference; fileEncoding = 4; lastKnownFileType = sourcecode.c.objc; path = AsyncImageView.m; sourceTree = "<group>"; };
		48AF4F251DEE58A500263F06 /* Person.h */ = {isa = PBXFileReference; fileEncoding = 4; lastKnownFileType = sourcecode.c.h; path = Person.h; sourceTree = "<group>"; };
		48AF4F261DEE58A500263F06 /* Person.m */ = {isa = PBXFileReference; fileEncoding = 4; lastKnownFileType = sourcecode.c.objc; path = Person.m; sourceTree = "<group>"; };
		48D2F6661DA887FA00224A03 /* jah v2.app */ = {isa = PBXFileReference; explicitFileType = wrapper.application; includeInIndex = 0; path = "jah v2.app"; sourceTree = BUILT_PRODUCTS_DIR; };
		48D2F66A1DA887FA00224A03 /* main.m */ = {isa = PBXFileReference; lastKnownFileType = sourcecode.c.objc; path = main.m; sourceTree = "<group>"; };
		48D2F66C1DA887FA00224A03 /* AppDelegate.h */ = {isa = PBXFileReference; lastKnownFileType = sourcecode.c.h; path = AppDelegate.h; sourceTree = "<group>"; };
		48D2F66D1DA887FA00224A03 /* AppDelegate.m */ = {isa = PBXFileReference; lastKnownFileType = sourcecode.c.objc; path = AppDelegate.m; sourceTree = "<group>"; };
		48D2F66F1DA887FA00224A03 /* ViewController.h */ = {isa = PBXFileReference; lastKnownFileType = sourcecode.c.h; path = ViewController.h; sourceTree = "<group>"; };
		48D2F6701DA887FA00224A03 /* ViewController.m */ = {isa = PBXFileReference; lastKnownFileType = sourcecode.c.objc; path = ViewController.m; sourceTree = "<group>"; };
		48D2F6731DA887FA00224A03 /* Base */ = {isa = PBXFileReference; lastKnownFileType = file.storyboard; name = Base; path = Base.lproj/Main.storyboard; sourceTree = "<group>"; };
		48D2F6751DA887FA00224A03 /* Assets.xcassets */ = {isa = PBXFileReference; lastKnownFileType = folder.assetcatalog; path = Assets.xcassets; sourceTree = "<group>"; };
		48D2F6781DA887FA00224A03 /* Base */ = {isa = PBXFileReference; lastKnownFileType = file.storyboard; name = Base; path = Base.lproj/LaunchScreen.storyboard; sourceTree = "<group>"; };
		48D2F67A1DA887FA00224A03 /* Info.plist */ = {isa = PBXFileReference; lastKnownFileType = text.plist.xml; path = Info.plist; sourceTree = "<group>"; };
		48D2F6801DA8880900224A03 /* jah v2.entitlements */ = {isa = PBXFileReference; lastKnownFileType = text.plist.entitlements; path = "jah v2.entitlements"; sourceTree = "<group>"; };
		B0901C6AED3924CDDE8D0831 /* Pods-jah v2.debug.xcconfig */ = {isa = PBXFileReference; includeInIndex = 1; lastKnownFileType = text.xcconfig; name = "Pods-jah v2.debug.xcconfig"; path = "Pods/Target Support Files/Pods-jah v2/Pods-jah v2.debug.xcconfig"; sourceTree = "<group>"; };
		B6CD834FF76A72E432309573 /* Pods_jah_v2.framework */ = {isa = PBXFileReference; explicitFileType = wrapper.framework; includeInIndex = 0; path = Pods_jah_v2.framework; sourceTree = BUILT_PRODUCTS_DIR; };
/* End PBXFileReference section */

/* Begin PBXFrameworksBuildPhase section */
		48D2F6631DA887FA00224A03 /* Frameworks */ = {
			isa = PBXFrameworksBuildPhase;
			buildActionMask = 2147483647;
			files = (
				4823E1901DB66E9B00C1BDEA /* CoreLocation.framework in Frameworks */,
				4823E18E1DB572A100C1BDEA /* AVKit.framework in Frameworks */,
				480415571DFCCA60002D6422 /* AudioToolbox.framework in Frameworks */,
				4823E1831DB3F34A00C1BDEA /* SystemConfiguration.framework in Frameworks */,
				D9147A1F872E1FA060446C8A /* Pods_jah_v2.framework in Frameworks */,
			);
			runOnlyForDeploymentPostprocessing = 0;
		};
/* End PBXFrameworksBuildPhase section */

/* Begin PBXGroup section */
		3CDE29EC181A5DB31F9B3701 /* Pods */ = {
			isa = PBXGroup;
			children = (
				B0901C6AED3924CDDE8D0831 /* Pods-jah v2.debug.xcconfig */,
				1D913EACE6B477EFC9F4E97D /* Pods-jah v2.release.xcconfig */,
			);
			name = Pods;
			sourceTree = "<group>";
		};
		48D2F65D1DA887FA00224A03 = {
			isa = PBXGroup;
			children = (
				48D2F6681DA887FA00224A03 /* jah v2 */,
				48D2F6671DA887FA00224A03 /* Products */,
				48D2F6811DA8881F00224A03 /* Frameworks */,
				3CDE29EC181A5DB31F9B3701 /* Pods */,
			);
			sourceTree = "<group>";
		};
		48D2F6671DA887FA00224A03 /* Products */ = {
			isa = PBXGroup;
			children = (
				48D2F6661DA887FA00224A03 /* jah v2.app */,
			);
			name = Products;
			sourceTree = "<group>";
		};
		48D2F6681DA887FA00224A03 /* jah v2 */ = {
			isa = PBXGroup;
			children = (
				48D2F6801DA8880900224A03 /* jah v2.entitlements */,
				48D2F66C1DA887FA00224A03 /* AppDelegate.h */,
				48D2F66D1DA887FA00224A03 /* AppDelegate.m */,
				48D2F66F1DA887FA00224A03 /* ViewController.h */,
				48D2F6701DA887FA00224A03 /* ViewController.m */,
				4823E1871DB45A2400C1BDEA /* Reachability.h */,
				4823E1881DB45A2400C1BDEA /* Reachability.m */,
				4823E17F1DB3ED7F00C1BDEA /* CheckConnections.m */,
				4823E1811DB3ED8E00C1BDEA /* CheckConnections.h */,
				48D2F6721DA887FA00224A03 /* Main.storyboard */,
				488054E41DBAAA99007B0C0D /* mainTabController.h */,
				488054E51DBAAA99007B0C0D /* mainTabController.m */,
				4823E17A1DB0504800C1BDEA /* profileBtnSegue.h */,
				4823E17B1DB0504800C1BDEA /* profileBtnSegue.m */,
				4874777B1DDB840100C16154 /* peopleBtnSegue.h */,
				4874777C1DDB840100C16154 /* peopleBtnSegue.m */,
				4823E18A1DB54E0600C1BDEA /* ViewControllerCustomSegue.h */,
				4823E18B1DB54E0600C1BDEA /* ViewControllerCustomSegue.m */,
				4823E16B1DAFF47400C1BDEA /* FirstTabView.h */,
				4823E16C1DAFF47400C1BDEA /* FirstTabView.m */,
				480415531DF5E552002D6422 /* profileTabViewViewController.h */,
				480415541DF5E552002D6422 /* profileTabViewViewController.m */,
				48480F5E1DE20F0F00887C56 /* firstTabScroll.h */,
				48480F5F1DE20F0F00887C56 /* firstTabScroll.m */,
				48AF4F251DEE58A500263F06 /* Person.h */,
				48AF4F261DEE58A500263F06 /* Person.m */,
				48A8DE311E020B210067EC8A /* AsyncImageView.h */,
				48A8DE321E020B210067EC8A /* AsyncImageView.m */,
				48718F6F1E968F710077A4D2 /* connectFirebase.m */,
				48718F711E968F8C0077A4D2 /* connectFirebase.h */,
				48D2F6751DA887FA00224A03 /* Assets.xcassets */,
				48D2F6771DA887FA00224A03 /* LaunchScreen.storyboard */,
				48D2F67A1DA887FA00224A03 /* Info.plist */,
				485C6C5E1E914F1E00349D31 /* GoogleService-Info.plist */,
				48D2F6691DA887FA00224A03 /* Supporting Files */,
				4844E3951DC65E2000A70224 /* jah v2-Bridging-Header.h */,
			);
			path = "jah v2";
			sourceTree = "<group>";
		};
		48D2F6691DA887FA00224A03 /* Supporting Files */ = {
			isa = PBXGroup;
			children = (
				48D2F66A1DA887FA00224A03 /* main.m */,
			);
			name = "Supporting Files";
			sourceTree = "<group>";
		};
		48D2F6811DA8881F00224A03 /* Frameworks */ = {
			isa = PBXGroup;
			children = (
				480415561DFCCA60002D6422 /* AudioToolbox.framework */,
				4823E18F1DB66E9B00C1BDEA /* CoreLocation.framework */,
				4823E18D1DB572A100C1BDEA /* AVKit.framework */,
				4823E1821DB3F34A00C1BDEA /* SystemConfiguration.framework */,
				B6CD834FF76A72E432309573 /* Pods_jah_v2.framework */,
			);
			name = Frameworks;
			sourceTree = "<group>";
		};
/* End PBXGroup section */

/* Begin PBXNativeTarget section */
		48D2F6651DA887FA00224A03 /* jah v2 */ = {
			isa = PBXNativeTarget;
			buildConfigurationList = 48D2F67D1DA887FA00224A03 /* Build configuration list for PBXNativeTarget "jah v2" */;
			buildPhases = (
				7B07E855DA146C07C48700AD /* [CP] Check Pods Manifest.lock */,
				48D2F6621DA887FA00224A03 /* Sources */,
				48D2F6631DA887FA00224A03 /* Frameworks */,
				48D2F6641DA887FA00224A03 /* Resources */,
				EAADF81292D715E61F7797EC /* [CP] Embed Pods Frameworks */,
				32DA5C36666357441B14CE70 /* [CP] Copy Pods Resources */,
			);
			buildRules = (
			);
			dependencies = (
			);
			name = "jah v2";
			productName = "jah v2";
			productReference = 48D2F6661DA887FA00224A03 /* jah v2.app */;
			productType = "com.apple.product-type.application";
		};
/* End PBXNativeTarget section */

/* Begin PBXProject section */
		48D2F65E1DA887FA00224A03 /* Project object */ = {
			isa = PBXProject;
			attributes = {
				LastUpgradeCheck = 0810;
				ORGANIZATIONNAME = "Hanif Hussain";
				TargetAttributes = {
					48D2F6651DA887FA00224A03 = {
						CreatedOnToolsVersion = 8.0;
						DevelopmentTeam = 68Z27E7S2D;
						LastSwiftMigration = 0810;
						ProvisioningStyle = Automatic;
						SystemCapabilities = {
							com.apple.BackgroundModes = {
								enabled = 1;
							};
							com.apple.DataProtection = {
								enabled = 1;
							};
							com.apple.InterAppAudio = {
								enabled = 1;
							};
							com.apple.Maps.iOS = {
								enabled = 0;
							};
						};
					};
				};
			};
			buildConfigurationList = 48D2F6611DA887FA00224A03 /* Build configuration list for PBXProject "jah v2" */;
			compatibilityVersion = "Xcode 3.2";
			developmentRegion = English;
			hasScannedForEncodings = 0;
			knownRegions = (
				en,
				Base,
			);
			mainGroup = 48D2F65D1DA887FA00224A03;
			productRefGroup = 48D2F6671DA887FA00224A03 /* Products */;
			projectDirPath = "";
			projectRoot = "";
			targets = (
				48D2F6651DA887FA00224A03 /* jah v2 */,
			);
		};
/* End PBXProject section */

/* Begin PBXResourcesBuildPhase section */
		48D2F6641DA887FA00224A03 /* Resources */ = {
			isa = PBXResourcesBuildPhase;
			buildActionMask = 2147483647;
			files = (
				48D2F6791DA887FA00224A03 /* LaunchScreen.storyboard in Resources */,
				485C6C5F1E914F1E00349D31 /* GoogleService-Info.plist in Resources */,
				48D2F6761DA887FA00224A03 /* Assets.xcassets in Resources */,
				48D2F6741DA887FA00224A03 /* Main.storyboard in Resources */,
			);
			runOnlyForDeploymentPostprocessing = 0;
		};
/* End PBXResourcesBuildPhase section */

/* Begin PBXShellScriptBuildPhase section */
		32DA5C36666357441B14CE70 /* [CP] Copy Pods Resources */ = {
			isa = PBXShellScriptBuildPhase;
			buildActionMask = 2147483647;
			files = (
			);
			inputPaths = (
			);
			name = "[CP] Copy Pods Resources";
			outputPaths = (
			);
			runOnlyForDeploymentPostprocessing = 0;
			shellPath = /bin/sh;
			shellScript = "\"${SRCROOT}/Pods/Target Support Files/Pods-jah v2/Pods-jah v2-resources.sh\"\n";
			showEnvVarsInLog = 0;
		};
		7B07E855DA146C07C48700AD /* [CP] Check Pods Manifest.lock */ = {
			isa = PBXShellScriptBuildPhase;
			buildActionMask = 2147483647;
			files = (
			);
			inputPaths = (
			);
			name = "[CP] Check Pods Manifest.lock";
			outputPaths = (
			);
			runOnlyForDeploymentPostprocessing = 0;
			shellPath = /bin/sh;
			shellScript = "diff \"${PODS_ROOT}/../Podfile.lock\" \"${PODS_ROOT}/Manifest.lock\" > /dev/null\nif [ $? != 0 ] ; then\n    # print error to STDERR\n    echo \"error: The sandbox is not in sync with the Podfile.lock. Run 'pod install' or update your CocoaPods installation.\" >&2\n    exit 1\nfi\n";
			showEnvVarsInLog = 0;
		};
		EAADF81292D715E61F7797EC /* [CP] Embed Pods Frameworks */ = {
			isa = PBXShellScriptBuildPhase;
			buildActionMask = 2147483647;
			files = (
			);
			inputPaths = (
			);
			name = "[CP] Embed Pods Frameworks";
			outputPaths = (
			);
			runOnlyForDeploymentPostprocessing = 0;
			shellPath = /bin/sh;
			shellScript = "\"${SRCROOT}/Pods/Target Support Files/Pods-jah v2/Pods-jah v2-frameworks.sh\"\n";
			showEnvVarsInLog = 0;
		};
/* End PBXShellScriptBuildPhase section */

/* Begin PBXSourcesBuildPhase section */
		48D2F6621DA887FA00224A03 /* Sources */ = {
			isa = PBXSourcesBuildPhase;
			buildActionMask = 2147483647;
			files = (
				4823E17C1DB0504800C1BDEA /* profileBtnSegue.m in Sources */,
				48D2F6711DA887FA00224A03 /* ViewController.m in Sources */,
				48D2F66E1DA887FA00224A03 /* AppDelegate.m in Sources */,
				48D2F66B1DA887FA00224A03 /* main.m in Sources */,
				4874777D1DDB840100C16154 /* peopleBtnSegue.m in Sources */,
				48480F601DE20F0F00887C56 /* firstTabScroll.m in Sources */,
				48AF4F271DEE58A500263F06 /* Person.m in Sources */,
				4823E1801DB3ED7F00C1BDEA /* CheckConnections.m in Sources */,
				48718F701E968F710077A4D2 /* connectFirebase.m in Sources */,
				488054E61DBAAA99007B0C0D /* mainTabController.m in Sources */,
				4823E18C1DB54E0600C1BDEA /* ViewControllerCustomSegue.m in Sources */,
				4823E1891DB45A2400C1BDEA /* Reachability.m in Sources */,
				480415551DF5E552002D6422 /* profileTabViewViewController.m in Sources */,
				4823E16D1DAFF47400C1BDEA /* FirstTabView.m in Sources */,
				48A8DE331E020B210067EC8A /* AsyncImageView.m in Sources */,
			);
			runOnlyForDeploymentPostprocessing = 0;
		};
/* End PBXSourcesBuildPhase section */

/* Begin PBXVariantGroup section */
		48D2F6721DA887FA00224A03 /* Main.storyboard */ = {
			isa = PBXVariantGroup;
			children = (
				48D2F6731DA887FA00224A03 /* Base */,
			);
			name = Main.storyboard;
			sourceTree = "<group>";
		};
		48D2F6771DA887FA00224A03 /* LaunchScreen.storyboard */ = {
			isa = PBXVariantGroup;
			children = (
				48D2F6781DA887FA00224A03 /* Base */,
			);
			name = LaunchScreen.storyboard;
			sourceTree = "<group>";
		};
/* End PBXVariantGroup section */

/* Begin XCBuildConfiguration section */
		48D2F67B1DA887FA00224A03 /* Debug */ = {
			isa = XCBuildConfiguration;
			buildSettings = {
				ALWAYS_SEARCH_USER_PATHS = NO;
				CLANG_ANALYZER_NONNULL = YES;
				CLANG_CXX_LANGUAGE_STANDARD = "gnu++0x";
				CLANG_CXX_LIBRARY = "libc++";
				CLANG_ENABLE_MODULES = YES;
				CLANG_ENABLE_OBJC_ARC = YES;
				CLANG_WARN_BOOL_CONVERSION = YES;
				CLANG_WARN_CONSTANT_CONVERSION = YES;
				CLANG_WARN_DIRECT_OBJC_ISA_USAGE = YES_ERROR;
				CLANG_WARN_DOCUMENTATION_COMMENTS = YES;
				CLANG_WARN_EMPTY_BODY = YES;
				CLANG_WARN_ENUM_CONVERSION = YES;
				CLANG_WARN_INFINITE_RECURSION = YES;
				CLANG_WARN_INT_CONVERSION = YES;
				CLANG_WARN_OBJC_ROOT_CLASS = YES_ERROR;
				CLANG_WARN_SUSPICIOUS_MOVE = YES;
				CLANG_WARN_SUSPICIOUS_MOVES = YES;
				CLANG_WARN_UNREACHABLE_CODE = YES;
				CLANG_WARN__DUPLICATE_METHOD_MATCH = YES;
				"CODE_SIGN_IDENTITY[sdk=iphoneos*]" = "iPhone Developer";
				COPY_PHASE_STRIP = NO;
				DEBUG_INFORMATION_FORMAT = dwarf;
				ENABLE_STRICT_OBJC_MSGSEND = YES;
				ENABLE_TESTABILITY = YES;
				GCC_C_LANGUAGE_STANDARD = gnu99;
				GCC_DYNAMIC_NO_PIC = NO;
				GCC_NO_COMMON_BLOCKS = YES;
				GCC_OPTIMIZATION_LEVEL = 0;
				GCC_PREPROCESSOR_DEFINITIONS = (
					"DEBUG=1",
					"$(inherited)",
				);
				GCC_WARN_64_TO_32_BIT_CONVERSION = YES;
				GCC_WARN_ABOUT_RETURN_TYPE = YES_ERROR;
				GCC_WARN_UNDECLARED_SELECTOR = YES;
				GCC_WARN_UNINITIALIZED_AUTOS = YES_AGGRESSIVE;
				GCC_WARN_UNUSED_FUNCTION = YES;
				GCC_WARN_UNUSED_VARIABLE = YES;
				IPHONEOS_DEPLOYMENT_TARGET = 10.0;
				MTL_ENABLE_DEBUG_INFO = YES;
				ONLY_ACTIVE_ARCH = YES;
				SDKROOT = iphoneos;
			};
			name = Debug;
		};
		48D2F67C1DA887FA00224A03 /* Release */ = {
			isa = XCBuildConfiguration;
			buildSettings = {
				ALWAYS_SEARCH_USER_PATHS = NO;
				CLANG_ANALYZER_NONNULL = YES;
				CLANG_CXX_LANGUAGE_STANDARD = "gnu++0x";
				CLANG_CXX_LIBRARY = "libc++";
				CLANG_ENABLE_MODULES = YES;
				CLANG_ENABLE_OBJC_ARC = YES;
				CLANG_WARN_BOOL_CONVERSION = YES;
				CLANG_WARN_CONSTANT_CONVERSION = YES;
				CLANG_WARN_DIRECT_OBJC_ISA_USAGE = YES_ERROR;
				CLANG_WARN_DOCUMENTATION_COMMENTS = YES;
				CLANG_WARN_EMPTY_BODY = YES;
				CLANG_WARN_ENUM_CONVERSION = YES;
				CLANG_WARN_INFINITE_RECURSION = YES;
				CLANG_WARN_INT_CONVERSION = YES;
				CLANG_WARN_OBJC_ROOT_CLASS = YES_ERROR;
				CLANG_WARN_SUSPICIOUS_MOVE = YES;
				CLANG_WARN_SUSPICIOUS_MOVES = YES;
				CLANG_WARN_UNREACHABLE_CODE = YES;
				CLANG_WARN__DUPLICATE_METHOD_MATCH = YES;
				"CODE_SIGN_IDENTITY[sdk=iphoneos*]" = "iPhone Developer";
				COPY_PHASE_STRIP = NO;
				DEBUG_INFORMATION_FORMAT = "dwarf-with-dsym";
				ENABLE_NS_ASSERTIONS = NO;
				ENABLE_STRICT_OBJC_MSGSEND = YES;
				GCC_C_LANGUAGE_STANDARD = gnu99;
				GCC_NO_COMMON_BLOCKS = YES;
				GCC_WARN_64_TO_32_BIT_CONVERSION = YES;
				GCC_WARN_ABOUT_RETURN_TYPE = YES_ERROR;
				GCC_WARN_UNDECLARED_SELECTOR = YES;
				GCC_WARN_UNINITIALIZED_AUTOS = YES_AGGRESSIVE;
				GCC_WARN_UNUSED_FUNCTION = YES;
				GCC_WARN_UNUSED_VARIABLE = YES;
				IPHONEOS_DEPLOYMENT_TARGET = 10.0;
				MTL_ENABLE_DEBUG_INFO = NO;
				SDKROOT = iphoneos;
				VALIDATE_PRODUCT = YES;
			};
			name = Release;
		};
		48D2F67E1DA887FA00224A03 /* Debug */ = {
			isa = XCBuildConfiguration;
			baseConfigurationReference = B0901C6AED3924CDDE8D0831 /* Pods-jah v2.debug.xcconfig */;
			buildSettings = {
				ASSETCATALOG_COMPILER_APPICON_NAME = AppIcon;
				CLANG_ENABLE_MODULES = YES;
				CODE_SIGN_ENTITLEMENTS = "jah v2/jah v2.entitlements";
				DEVELOPMENT_TEAM = 68Z27E7S2D;
				FRAMEWORK_SEARCH_PATHS = (
					"$(inherited)",
					"$(PROJECT_DIR)",
				);
				INFOPLIST_FILE = "jah v2/Info.plist";
				IPHONEOS_DEPLOYMENT_TARGET = 9.0;
				LD_RUNPATH_SEARCH_PATHS = "$(inherited) @executable_path/Frameworks";
				PRODUCT_BUNDLE_IDENTIFIER = "hanif.jah-v2";
				PRODUCT_NAME = "$(TARGET_NAME)";
				SWIFT_OBJC_BRIDGING_HEADER = "jah v2/jah v2-Bridging-Header.h";
				SWIFT_OPTIMIZATION_LEVEL = "-Onone";
				SWIFT_VERSION = 3.0;
				TARGETED_DEVICE_FAMILY = 1;
			};
			name = Debug;
		};
		48D2F67F1DA887FA00224A03 /* Release */ = {
			isa = XCBuildConfiguration;
			baseConfigurationReference = 1D913EACE6B477EFC9F4E97D /* Pods-jah v2.release.xcconfig */;
			buildSettings = {
				ASSETCATALOG_COMPILER_APPICON_NAME = AppIcon;
				CLANG_ENABLE_MODULES = YES;
				CODE_SIGN_ENTITLEMENTS = "jah v2/jah v2.entitlements";
				DEVELOPMENT_TEAM = 68Z27E7S2D;
				FRAMEWORK_SEARCH_PATHS = (
					"$(inherited)",
					"$(PROJECT_DIR)",
				);
				INFOPLIST_FILE = "jah v2/Info.plist";
				IPHONEOS_DEPLOYMENT_TARGET = 9.0;
				LD_RUNPATH_SEARCH_PATHS = "$(inherited) @executable_path/Frameworks";
				PRODUCT_BUNDLE_IDENTIFIER = "hanif.jah-v2";
				PRODUCT_NAME = "$(TARGET_NAME)";
				SWIFT_OBJC_BRIDGING_HEADER = "jah v2/jah v2-Bridging-Header.h";
				SWIFT_VERSION = 3.0;
				TARGETED_DEVICE_FAMILY = 1;
			};
			name = Release;
		};
/* End XCBuildConfiguration section */

/* Begin XCConfigurationList section */
		48D2F6611DA887FA00224A03 /* Build configuration list for PBXProject "jah v2" */ = {
			isa = XCConfigurationList;
			buildConfigurations = (
				48D2F67B1DA887FA00224A03 /* Debug */,
				48D2F67C1DA887FA00224A03 /* Release */,
			);
			defaultConfigurationIsVisible = 0;
			defaultConfigurationName = Release;
		};
		48D2F67D1DA887FA00224A03 /* Build configuration list for PBXNativeTarget "jah v2" */ = {
			isa = XCConfigurationList;
			buildConfigurations = (
				48D2F67E1DA887FA00224A03 /* Debug */,
				48D2F67F1DA887FA00224A03 /* Release */,
			);
			defaultConfigurationIsVisible = 0;
			defaultConfigurationName = Release;
		};
/* End XCConfigurationList section */
	};
	rootObject = 48D2F65E1DA887FA00224A03 /* Project object */;
}
